
Microsoft Visual Studio Solution File, Format Version 12.00
# Visual Studio Version 17
VisualStudioVersion = 17.6.33815.320
MinimumVisualStudioVersion = 10.0.40219.1
Project("{FAE04EC0-301F-11D3-BF4B-00C04F79EFBC}") = "Surface-Api", "Surface-Api\Surface-Api.csproj", "{6FB253C3-7470-4EFF-9160-E63C5823661F}"
EndProject
Global
	GlobalSection(SolutionConfigurationPlatforms) = preSolution
		Debug|Any CPU = Debug|Any CPU
		Release|Any CPU = Release|Any CPU
	EndGlobalSection
	GlobalSection(ProjectConfigurationPlatforms) = postSolution
		{6FB253C3-7470-4EFF-9160-E63C5823661F}.Debug|Any CPU.ActiveCfg = Debug|Any CPU
		{6FB253C3-7470-4EFF-9160-E63C5823661F}.Debug|Any CPU.Build.0 = Debug|Any CPU
		{6FB253C3-7470-4EFF-9160-E63C5823661F}.Release|Any CPU.ActiveCfg = Release|Any CPU
		{6FB253C3-7470-4EFF-9160-E63C5823661F}.Release|Any CPU.Build.0 = Release|Any CPU
	EndGlobalSection
	GlobalSection(SolutionProperties) = preSolution
		HideSolutionNode = FALSE
	EndGlobalSection
	GlobalSection(ExtensibilityGlobals) = postSolution
		SolutionGuid = {D9CA745B-CE95-4B32-9DB6-D86A246B7BD3}
	EndGlobalSection
EndGlobal
