
Microsoft Visual Studio Solution File, Format Version 12.00
# Visual Studio Version 17
VisualStudioVersion = 17.6.33815.320
MinimumVisualStudioVersion = 10.0.40219.1
Project("{FAE04EC0-301F-11D3-BF4B-00C04F79EFBC}") = "Surface-API", "Surface-API\Surface-API.csproj", "{A925183E-2185-489E-9BCA-CAD6BEE42593}"
EndProject
Global
	GlobalSection(SolutionConfigurationPlatforms) = preSolution
		Debug|Any CPU = Debug|Any CPU
		Release|Any CPU = Release|Any CPU
	EndGlobalSection
	GlobalSection(ProjectConfigurationPlatforms) = postSolution
		{A925183E-2185-489E-9BCA-CAD6BEE42593}.Debug|Any CPU.ActiveCfg = Debug|Any CPU
		{A925183E-2185-489E-9BCA-CAD6BEE42593}.Debug|Any CPU.Build.0 = Debug|Any CPU
		{A925183E-2185-489E-9BCA-CAD6BEE42593}.Release|Any CPU.ActiveCfg = Release|Any CPU
		{A925183E-2185-489E-9BCA-CAD6BEE42593}.Release|Any CPU.Build.0 = Release|Any CPU
	EndGlobalSection
	GlobalSection(SolutionProperties) = preSolution
		HideSolutionNode = FALSE
	EndGlobalSection
	GlobalSection(ExtensibilityGlobals) = postSolution
		SolutionGuid = {863E0351-8E63-4097-9893-840EF7809F06}
	EndGlobalSection
EndGlobal
